
Microsoft Visual Studio Solution File, Format Version 12.00
# Visual Studio Version 16
VisualStudioVersion = 16.0.29230.47
MinimumVisualStudioVersion = 10.0.40219.1
Project("{8BC9CEB8-8B4A-11D0-8D11-00A0C91BC942}") = "Learning", "Learning\Learning.vcxproj", "{A1BD1677-4766-422C-A2ED-EE3E34B5C981}"
EndProject
Project("{8BC9CEB8-8B4A-11D0-8D11-00A0C91BC942}") = "Pointers and Arrays", "Pointers and Arrays\Pointers and Arrays.vcxproj", "{DB571CB1-3E81-43AD-A49C-6425FF9F254C}"
EndProject
Project("{8BC9CEB8-8B4A-11D0-8D11-00A0C91BC942}") = "Reversing a String", "Reversing a String\Reversing a String.vcxproj", "{EED00893-343A-4025-BA83-9791CA2DA359}"
EndProject
Project("{8BC9CEB8-8B4A-11D0-8D11-00A0C91BC942}") = "Constant Variables and Pointers", "Constant Variables and Pointers\Constant Variables and Pointers.vcxproj", "{F1BF14C1-3FC1-4A60-A90E-DD4BA10F0BC4}"
EndProject
Project("{8BC9CEB8-8B4A-11D0-8D11-00A0C91BC942}") = "Copy Constructors", "Copy Constructors\Copy Constructors.vcxproj", "{45D20AFB-0E9B-48FD-9684-1DEA007D4456}"
EndProject
Project("{8BC9CEB8-8B4A-11D0-8D11-00A0C91BC942}") = "Objects from Functions with new Operator", "Objects from Functions with new Operator\Objects from Functions with new Operator.vcxproj", "{3130F300-6604-46B9-83D7-91BB7F475E52}"
EndProject
Project("{8BC9CEB8-8B4A-11D0-8D11-00A0C91BC942}") = "Allocating Memory", "Allocating Memory\Allocating Memory.vcxproj", "{034AC1E6-75DD-4D38-9BA5-501828F8D71B}"
EndProject
Project("{8BC9CEB8-8B4A-11D0-8D11-00A0C91BC942}") = "Constructor Inheritance", "Constructor Inheritance\Constructor Inheritance.vcxproj", "{ED9854E5-6177-437B-8D0A-6221AB87C17F}"
EndProject
Project("{8BC9CEB8-8B4A-11D0-8D11-00A0C91BC942}") = "Static Variables", "Static Variables\Static Variables.vcxproj", "{005BC789-B5B2-4200-AC60-1F2D28A10B80}"
EndProject
Global
	GlobalSection(SolutionConfigurationPlatforms) = preSolution
		Debug|x64 = Debug|x64
		Debug|x86 = Debug|x86
		Release|x64 = Release|x64
		Release|x86 = Release|x86
	EndGlobalSection
	GlobalSection(ProjectConfigurationPlatforms) = postSolution
		{A1BD1677-4766-422C-A2ED-EE3E34B5C981}.Debug|x64.ActiveCfg = Debug|x64
		{A1BD1677-4766-422C-A2ED-EE3E34B5C981}.Debug|x64.Build.0 = Debug|x64
		{A1BD1677-4766-422C-A2ED-EE3E34B5C981}.Debug|x86.ActiveCfg = Debug|Win32
		{A1BD1677-4766-422C-A2ED-EE3E34B5C981}.Debug|x86.Build.0 = Debug|Win32
		{A1BD1677-4766-422C-A2ED-EE3E34B5C981}.Release|x64.ActiveCfg = Release|x64
		{A1BD1677-4766-422C-A2ED-EE3E34B5C981}.Release|x64.Build.0 = Release|x64
		{A1BD1677-4766-422C-A2ED-EE3E34B5C981}.Release|x86.ActiveCfg = Release|Win32
		{A1BD1677-4766-422C-A2ED-EE3E34B5C981}.Release|x86.Build.0 = Release|Win32
		{DB571CB1-3E81-43AD-A49C-6425FF9F254C}.Debug|x64.ActiveCfg = Debug|x64
		{DB571CB1-3E81-43AD-A49C-6425FF9F254C}.Debug|x64.Build.0 = Debug|x64
		{DB571CB1-3E81-43AD-A49C-6425FF9F254C}.Debug|x86.ActiveCfg = Debug|Win32
		{DB571CB1-3E81-43AD-A49C-6425FF9F254C}.Debug|x86.Build.0 = Debug|Win32
		{DB571CB1-3E81-43AD-A49C-6425FF9F254C}.Release|x64.ActiveCfg = Release|x64
		{DB571CB1-3E81-43AD-A49C-6425FF9F254C}.Release|x64.Build.0 = Release|x64
		{DB571CB1-3E81-43AD-A49C-6425FF9F254C}.Release|x86.ActiveCfg = Release|Win32
		{DB571CB1-3E81-43AD-A49C-6425FF9F254C}.Release|x86.Build.0 = Release|Win32
		{EED00893-343A-4025-BA83-9791CA2DA359}.Debug|x64.ActiveCfg = Debug|x64
		{EED00893-343A-4025-BA83-9791CA2DA359}.Debug|x64.Build.0 = Debug|x64
		{EED00893-343A-4025-BA83-9791CA2DA359}.Debug|x86.ActiveCfg = Debug|Win32
		{EED00893-343A-4025-BA83-9791CA2DA359}.Debug|x86.Build.0 = Debug|Win32
		{EED00893-343A-4025-BA83-9791CA2DA359}.Release|x64.ActiveCfg = Release|x64
		{EED00893-343A-4025-BA83-9791CA2DA359}.Release|x64.Build.0 = Release|x64
		{EED00893-343A-4025-BA83-9791CA2DA359}.Release|x86.ActiveCfg = Release|Win32
		{EED00893-343A-4025-BA83-9791CA2DA359}.Release|x86.Build.0 = Release|Win32
		{F1BF14C1-3FC1-4A60-A90E-DD4BA10F0BC4}.Debug|x64.ActiveCfg = Debug|x64
		{F1BF14C1-3FC1-4A60-A90E-DD4BA10F0BC4}.Debug|x64.Build.0 = Debug|x64
		{F1BF14C1-3FC1-4A60-A90E-DD4BA10F0BC4}.Debug|x86.ActiveCfg = Debug|Win32
		{F1BF14C1-3FC1-4A60-A90E-DD4BA10F0BC4}.Debug|x86.Build.0 = Debug|Win32
		{F1BF14C1-3FC1-4A60-A90E-DD4BA10F0BC4}.Release|x64.ActiveCfg = Release|x64
		{F1BF14C1-3FC1-4A60-A90E-DD4BA10F0BC4}.Release|x64.Build.0 = Release|x64
		{F1BF14C1-3FC1-4A60-A90E-DD4BA10F0BC4}.Release|x86.ActiveCfg = Release|Win32
		{F1BF14C1-3FC1-4A60-A90E-DD4BA10F0BC4}.Release|x86.Build.0 = Release|Win32
		{45D20AFB-0E9B-48FD-9684-1DEA007D4456}.Debug|x64.ActiveCfg = Debug|x64
		{45D20AFB-0E9B-48FD-9684-1DEA007D4456}.Debug|x64.Build.0 = Debug|x64
		{45D20AFB-0E9B-48FD-9684-1DEA007D4456}.Debug|x86.ActiveCfg = Debug|Win32
		{45D20AFB-0E9B-48FD-9684-1DEA007D4456}.Debug|x86.Build.0 = Debug|Win32
		{45D20AFB-0E9B-48FD-9684-1DEA007D4456}.Release|x64.ActiveCfg = Release|x64
		{45D20AFB-0E9B-48FD-9684-1DEA007D4456}.Release|x64.Build.0 = Release|x64
		{45D20AFB-0E9B-48FD-9684-1DEA007D4456}.Release|x86.ActiveCfg = Release|Win32
		{45D20AFB-0E9B-48FD-9684-1DEA007D4456}.Release|x86.Build.0 = Release|Win32
		{3130F300-6604-46B9-83D7-91BB7F475E52}.Debug|x64.ActiveCfg = Debug|x64
		{3130F300-6604-46B9-83D7-91BB7F475E52}.Debug|x64.Build.0 = Debug|x64
		{3130F300-6604-46B9-83D7-91BB7F475E52}.Debug|x86.ActiveCfg = Debug|Win32
		{3130F300-6604-46B9-83D7-91BB7F475E52}.Debug|x86.Build.0 = Debug|Win32
		{3130F300-6604-46B9-83D7-91BB7F475E52}.Release|x64.ActiveCfg = Release|x64
		{3130F300-6604-46B9-83D7-91BB7F475E52}.Release|x64.Build.0 = Release|x64
		{3130F300-6604-46B9-83D7-91BB7F475E52}.Release|x86.ActiveCfg = Release|Win32
		{3130F300-6604-46B9-83D7-91BB7F475E52}.Release|x86.Build.0 = Release|Win32
		{034AC1E6-75DD-4D38-9BA5-501828F8D71B}.Debug|x64.ActiveCfg = Debug|x64
		{034AC1E6-75DD-4D38-9BA5-501828F8D71B}.Debug|x64.Build.0 = Debug|x64
		{034AC1E6-75DD-4D38-9BA5-501828F8D71B}.Debug|x86.ActiveCfg = Debug|Win32
		{034AC1E6-75DD-4D38-9BA5-501828F8D71B}.Debug|x86.Build.0 = Debug|Win32
		{034AC1E6-75DD-4D38-9BA5-501828F8D71B}.Release|x64.ActiveCfg = Release|x64
		{034AC1E6-75DD-4D38-9BA5-501828F8D71B}.Release|x64.Build.0 = Release|x64
		{034AC1E6-75DD-4D38-9BA5-501828F8D71B}.Release|x86.ActiveCfg = Release|Win32
		{034AC1E6-75DD-4D38-9BA5-501828F8D71B}.Release|x86.Build.0 = Release|Win32
		{ED9854E5-6177-437B-8D0A-6221AB87C17F}.Debug|x64.ActiveCfg = Debug|x64
		{ED9854E5-6177-437B-8D0A-6221AB87C17F}.Debug|x64.Build.0 = Debug|x64
		{ED9854E5-6177-437B-8D0A-6221AB87C17F}.Debug|x86.ActiveCfg = Debug|Win32
		{ED9854E5-6177-437B-8D0A-6221AB87C17F}.Debug|x86.Build.0 = Debug|Win32
		{ED9854E5-6177-437B-8D0A-6221AB87C17F}.Release|x64.ActiveCfg = Release|x64
		{ED9854E5-6177-437B-8D0A-6221AB87C17F}.Release|x64.Build.0 = Release|x64
		{ED9854E5-6177-437B-8D0A-6221AB87C17F}.Release|x86.ActiveCfg = Release|Win32
		{ED9854E5-6177-437B-8D0A-6221AB87C17F}.Release|x86.Build.0 = Release|Win32
		{005BC789-B5B2-4200-AC60-1F2D28A10B80}.Debug|x64.ActiveCfg = Debug|x64
		{005BC789-B5B2-4200-AC60-1F2D28A10B80}.Debug|x64.Build.0 = Debug|x64
		{005BC789-B5B2-4200-AC60-1F2D28A10B80}.Debug|x86.ActiveCfg = Debug|Win32
		{005BC789-B5B2-4200-AC60-1F2D28A10B80}.Debug|x86.Build.0 = Debug|Win32
		{005BC789-B5B2-4200-AC60-1F2D28A10B80}.Release|x64.ActiveCfg = Release|x64
		{005BC789-B5B2-4200-AC60-1F2D28A10B80}.Release|x64.Build.0 = Release|x64
		{005BC789-B5B2-4200-AC60-1F2D28A10B80}.Release|x86.ActiveCfg = Release|Win32
		{005BC789-B5B2-4200-AC60-1F2D28A10B80}.Release|x86.Build.0 = Release|Win32
	EndGlobalSection
	GlobalSection(SolutionProperties) = preSolution
		HideSolutionNode = FALSE
	EndGlobalSection
	GlobalSection(ExtensibilityGlobals) = postSolution
		SolutionGuid = {105A5057-A80F-42A7-9496-9C7D10E5A740}
	EndGlobalSection
EndGlobal
